# This file was autogenerated by Stack.
# You should not edit this file by hand.
# For more information, please see the documentation at:
#   https://docs.haskellstack.org/en/stable/lock_files

packages:
- completed:
    hackage: split-0.2.3.4@sha256:048c75891d63a03828f97667214aaaf0e67b7dcbfec297753e39939ffda6f51a,2647
    pantry-tree:
      size: 439
      sha256: 72c550dd427dc15a2195e16c84bdb4712060fe601d87e95674154b44403550d9
  original:
    hackage: split-0.2.3.4
- completed:
    hackage: hourglass-0.2.12@sha256:e083f5e030dfebe432e30a9c0fa07a99a54eac992f622442646be561fd7a44e8,3085
    pantry-tree:
      size: 1605
      sha256: 2b452cfac948057203679468e3e856e7fdf884c3c051f42bc52ba6253ca896e0
  original:
    hackage: hourglass-0.2.12
snapshots:
- completed:
    size: 563103
    url: https://raw.githubusercontent.com/commercialhaskell/stackage-snapshots/master/lts/17/4.yaml
    sha256: f11e2153044f5f71ea7b1c9398f4721f517c9bd37642ed769647b896564021f3
  original:
    url: https://raw.githubusercontent.com/commercialhaskell/stackage-snapshots/master/lts/17/4.yaml
